
Microsoft Visual Studio Solution File, Format Version 12.00
# Visual Studio Version 16
VisualStudioVersion = 16.0.31005.135
MinimumVisualStudioVersion = 10.0.40219.1
Project("{FAE04EC0-301F-11D3-BF4B-00C04F79EFBC}") = "ColorList", "ColorList.csproj", "{517482CB-E98A-469E-950A-08A7E58E4D99}"
EndProject
Global
	GlobalSection(SolutionConfigurationPlatforms) = preSolution
		Debug|Any CPU = Debug|Any CPU
		Release|Any CPU = Release|Any CPU
	EndGlobalSection
	GlobalSection(ProjectConfigurationPlatforms) = postSolution
		{517482CB-E98A-469E-950A-08A7E58E4D99}.Debug|Any CPU.ActiveCfg = Debug|Any CPU
		{517482CB-E98A-469E-950A-08A7E58E4D99}.Debug|Any CPU.Build.0 = Debug|Any CPU
		{517482CB-E98A-469E-950A-08A7E58E4D99}.Release|Any CPU.ActiveCfg = Release|Any CPU
		{517482CB-E98A-469E-950A-08A7E58E4D99}.Release|Any CPU.Build.0 = Release|Any CPU
	EndGlobalSection
	GlobalSection(SolutionProperties) = preSolution
		HideSolutionNode = FALSE
	EndGlobalSection
	GlobalSection(ExtensibilityGlobals) = postSolution
		SolutionGuid = {01EF3502-CDF8-40D2-94A2-A01A4DCA14E9}
	EndGlobalSection
EndGlobal
